{
  "version": 4,
  "terraform_version": "1.4.1",
  "serial": 269,
  "lineage": "09fa7940-1899-c142-f0e5-4fd00d9be709",
  "outputs": {},
  "resources": [
    {
      "module": "module.route",
      "mode": "managed",
      "type": "aws_route53_zone",
      "name": "zone",
      "provider": "provider[\"registry.terraform.io/hashicorp/aws\"]",
      "instances": [
        {
          "schema_version": 0,
          "attributes": {
            "arn": "arn:aws:route53:::hostedzone/Z10163813501682JAMKJY",
            "comment": "Managed by Terraform",
            "delegation_set_id": "",
            "force_destroy": false,
            "id": "Z10163813501682JAMKJY",
            "name": "centrictest.com",
            "name_servers": [
              "ns-1066.awsdns-05.org",
              "ns-1662.awsdns-15.co.uk",
              "ns-431.awsdns-53.com",
              "ns-720.awsdns-26.net"
            ],
            "primary_name_server": "ns-431.awsdns-53.com",
            "tags": {},
            "tags_all": {},
            "vpc": [],
            "zone_id": "Z10163813501682JAMKJY"
          },
          "sensitive_attributes": [],
          "private": "bnVsbA=="
        }
      ]
    }
  ],
  "check_results": null
}
